// !$*UTF8*$!
{
	archiveVersion = 1;
	classes = {
	};
	objectVersion = 48;
	objects = {

/* Begin PBXBuildFile section */
		98F8D8381FE21C540053457C /* AppDelegate.m in Sources */ = {isa = PBXBuildFile; fileRef = 98F8D8371FE21C540053457C /* AppDelegate.m */; };
		98F8D83B1FE21C540053457C /* ViewController.m in Sources */ = {isa = PBXBuildFile; fileRef = 98F8D83A1FE21C540053457C /* ViewController.m */; };
		98F8D83E1FE21C540053457C /* Main.storyboard in Resources */ = {isa = PBXBuildFile; fileRef = 98F8D83C1FE21C540053457C /* Main.storyboard */; };
		98F8D8401FE21C540053457C /* Assets.xcassets in Resources */ = {isa = PBXBuildFile; fileRef = 98F8D83F1FE21C540053457C /* Assets.xcassets */; };
		98F8D8431FE21C540053457C /* LaunchScreen.storyboard in Resources */ = {isa = PBXBuildFile; fileRef = 98F8D8411FE21C540053457C /* LaunchScreen.storyboard */; };
		98F8D8461FE21C540053457C /* main.m in Sources */ = {isa = PBXBuildFile; fileRef = 98F8D8451FE21C540053457C /* main.m */; };
		98F8D8501FE21C540053457C /* DnsTestTests.m in Sources */ = {isa = PBXBuildFile; fileRef = 98F8D84F1FE21C540053457C /* DnsTestTests.m */; };
		98F8D85C1FE21D750053457C /* libresolv.tbd in Frameworks */ = {isa = PBXBuildFile; fileRef = 98F8D85B1FE21D750053457C /* libresolv.tbd */; };
		98F8D85F1FE22A2C0053457C /* TableViewModel.m in Sources */ = {isa = PBXBuildFile; fileRef = 98F8D85E1FE22A2C0053457C /* TableViewModel.m */; };
/* End PBXBuildFile section */

/* Begin PBXContainerItemProxy section */
		98F8D84C1FE21C540053457C /* PBXContainerItemProxy */ = {
			isa = PBXContainerItemProxy;
			containerPortal = 98F8D82B1FE21C540053457C /* Project object */;
			proxyType = 1;
			remoteGlobalIDString = 98F8D8321FE21C540053457C;
			remoteInfo = DnsTest;
		};
/* End PBXContainerItemProxy section */

/* Begin PBXFileReference section */
		98F8D8331FE21C540053457C /* DnsTest.app */ = {isa = PBXFileReference; explicitFileType = wrapper.application; includeInIndex = 0; path = DnsTest.app; sourceTree = BUILT_PRODUCTS_DIR; };
		98F8D8361FE21C540053457C /* AppDelegate.h */ = {isa = PBXFileReference; lastKnownFileType = sourcecode.c.h; path = AppDelegate.h; sourceTree = "<group>"; };
		98F8D8371FE21C540053457C /* AppDelegate.m */ = {isa = PBXFileReference; lastKnownFileType = sourcecode.c.objc; path = AppDelegate.m; sourceTree = "<group>"; };
		98F8D8391FE21C540053457C /* ViewController.h */ = {isa = PBXFileReference; lastKnownFileType = sourcecode.c.h; path = ViewController.h; sourceTree = "<group>"; };
		98F8D83A1FE21C540053457C /* ViewController.m */ = {isa = PBXFileReference; lastKnownFileType = sourcecode.c.objc; path = ViewController.m; sourceTree = "<group>"; };
		98F8D83D1FE21C540053457C /* Base */ = {isa = PBXFileReference; lastKnownFileType = file.storyboard; name = Base; path = Base.lproj/Main.storyboard; sourceTree = "<group>"; };
		98F8D83F1FE21C540053457C /* Assets.xcassets */ = {isa = PBXFileReference; lastKnownFileType = folder.assetcatalog; path = Assets.xcassets; sourceTree = "<group>"; };
		98F8D8421FE21C540053457C /* Base */ = {isa = PBXFileReference; lastKnownFileType = file.storyboard; name = Base; path = Base.lproj/LaunchScreen.storyboard; sourceTree = "<group>"; };
		98F8D8441FE21C540053457C /* Info.plist */ = {isa = PBXFileReference; lastKnownFileType = text.plist.xml; path = Info.plist; sourceTree = "<group>"; };
		98F8D8451FE21C540053457C /* main.m */ = {isa = PBXFileReference; lastKnownFileType = sourcecode.c.objc; path = main.m; sourceTree = "<group>"; };
		98F8D84B1FE21C540053457C /* DnsTestTests.xctest */ = {isa = PBXFileReference; explicitFileType = wrapper.cfbundle; includeInIndex = 0; path = DnsTestTests.xctest; sourceTree = BUILT_PRODUCTS_DIR; };
		98F8D84F1FE21C540053457C /* DnsTestTests.m */ = {isa = PBXFileReference; lastKnownFileType = sourcecode.c.objc; path = DnsTestTests.m; sourceTree = "<group>"; };
		98F8D8511FE21C540053457C /* Info.plist */ = {isa = PBXFileReference; lastKnownFileType = text.plist.xml; path = Info.plist; sourceTree = "<group>"; };
		98F8D85B1FE21D750053457C /* libresolv.tbd */ = {isa = PBXFileReference; lastKnownFileType = "sourcecode.text-based-dylib-definition"; name = libresolv.tbd; path = usr/lib/libresolv.tbd; sourceTree = SDKROOT; };
		98F8D85D1FE22A2C0053457C /* TableViewModel.h */ = {isa = PBXFileReference; lastKnownFileType = sourcecode.c.h; path = TableViewModel.h; sourceTree = "<group>"; };
		98F8D85E1FE22A2C0053457C /* TableViewModel.m */ = {isa = PBXFileReference; lastKnownFileType = sourcecode.c.objc; path = TableViewModel.m; sourceTree = "<group>"; };
/* End PBXFileReference section */

/* Begin PBXFrameworksBuildPhase section */
		98F8D8301FE21C540053457C /* Frameworks */ = {
			isa = PBXFrameworksBuildPhase;
			buildActionMask = 2147483647;
			files = (
				98F8D85C1FE21D750053457C /* libresolv.tbd in Frameworks */,
			);
			runOnlyForDeploymentPostprocessing = 0;
		};
		98F8D8481FE21C540053457C /* Frameworks */ = {
			isa = PBXFrameworksBuildPhase;
			buildActionMask = 2147483647;
			files = (
			);
			runOnlyForDeploymentPostprocessing = 0;
		};
/* End PBXFrameworksBuildPhase section */

/* Begin PBXGroup section */
		98F8D82A1FE21C540053457C = {
			isa = PBXGroup;
			children = (
				98F8D8351FE21C540053457C /* DnsTest */,
				98F8D84E1FE21C540053457C /* DnsTestTests */,
				98F8D8341FE21C540053457C /* Products */,
				98F8D85A1FE21D740053457C /* Frameworks */,
			);
			sourceTree = "<group>";
		};
		98F8D8341FE21C540053457C /* Products */ = {
			isa = PBXGroup;
			children = (
				98F8D8331FE21C540053457C /* DnsTest.app */,
				98F8D84B1FE21C540053457C /* DnsTestTests.xctest */,
			);
			name = Products;
			sourceTree = "<group>";
		};
		98F8D8351FE21C540053457C /* DnsTest */ = {
			isa = PBXGroup;
			children = (
				98F8D8361FE21C540053457C /* AppDelegate.h */,
				98F8D8371FE21C540053457C /* AppDelegate.m */,
				98F8D8391FE21C540053457C /* ViewController.h */,
				98F8D83A1FE21C540053457C /* ViewController.m */,
				98F8D85D1FE22A2C0053457C /* TableViewModel.h */,
				98F8D85E1FE22A2C0053457C /* TableViewModel.m */,
				98F8D83C1FE21C540053457C /* Main.storyboard */,
				98F8D83F1FE21C540053457C /* Assets.xcassets */,
				98F8D8411FE21C540053457C /* LaunchScreen.storyboard */,
				98F8D8441FE21C540053457C /* Info.plist */,
				98F8D8451FE21C540053457C /* main.m */,
			);
			path = DnsTest;
			sourceTree = "<group>";
		};
		98F8D84E1FE21C540053457C /* DnsTestTests */ = {
			isa = PBXGroup;
			children = (
				98F8D84F1FE21C540053457C /* DnsTestTests.m */,
				98F8D8511FE21C540053457C /* Info.plist */,
			);
			path = DnsTestTests;
			sourceTree = "<group>";
		};
		98F8D85A1FE21D740053457C /* Frameworks */ = {
			isa = PBXGroup;
			children = (
				98F8D85B1FE21D750053457C /* libresolv.tbd */,
			);
			name = Frameworks;
			sourceTree = "<group>";
		};
/* End PBXGroup section */

/* Begin PBXNativeTarget section */
		98F8D8321FE21C540053457C /* DnsTest */ = {
			isa = PBXNativeTarget;
			buildConfigurationList = 98F8D8541FE21C540053457C /* Build configuration list for PBXNativeTarget "DnsTest" */;
			buildPhases = (
				98F8D82F1FE21C540053457C /* Sources */,
				98F8D8301FE21C540053457C /* Frameworks */,
				98F8D8311FE21C540053457C /* Resources */,
			);
			buildRules = (
			);
			dependencies = (
			);
			name = DnsTest;
			productName = DnsTest;
			productReference = 98F8D8331FE21C540053457C /* DnsTest.app */;
			productType = "com.apple.product-type.application";
		};
		98F8D84A1FE21C540053457C /* DnsTestTests */ = {
			isa = PBXNativeTarget;
			buildConfigurationList = 98F8D8571FE21C540053457C /* Build configuration list for PBXNativeTarget "DnsTestTests" */;
			buildPhases = (
				98F8D8471FE21C540053457C /* Sources */,
				98F8D8481FE21C540053457C /* Frameworks */,
				98F8D8491FE21C540053457C /* Resources */,
			);
			buildRules = (
			);
			dependencies = (
				98F8D84D1FE21C540053457C /* PBXTargetDependency */,
			);
			name = DnsTestTests;
			productName = DnsTestTests;
			productReference = 98F8D84B1FE21C540053457C /* DnsTestTests.xctest */;
			productType = "com.apple.product-type.bundle.unit-test";
		};
/* End PBXNativeTarget section */

/* Begin PBXProject section */
		98F8D82B1FE21C540053457C /* Project object */ = {
			isa = PBXProject;
			attributes = {
				LastUpgradeCheck = 0920;
				ORGANIZATIONNAME = meitu;
				TargetAttributes = {
					98F8D8321FE21C540053457C = {
						CreatedOnToolsVersion = 9.2;
						ProvisioningStyle = Manual;
					};
					98F8D84A1FE21C540053457C = {
						CreatedOnToolsVersion = 9.2;
						ProvisioningStyle = Automatic;
						TestTargetID = 98F8D8321FE21C540053457C;
					};
				};
			};
			buildConfigurationList = 98F8D82E1FE21C540053457C /* Build configuration list for PBXProject "DnsTest" */;
			compatibilityVersion = "Xcode 8.0";
			developmentRegion = en;
			hasScannedForEncodings = 0;
			knownRegions = (
				en,
				Base,
			);
			mainGroup = 98F8D82A1FE21C540053457C;
			productRefGroup = 98F8D8341FE21C540053457C /* Products */;
			projectDirPath = "";
			projectRoot = "";
			targets = (
				98F8D8321FE21C540053457C /* DnsTest */,
				98F8D84A1FE21C540053457C /* DnsTestTests */,
			);
		};
/* End PBXProject section */

/* Begin PBXResourcesBuildPhase section */
		98F8D8311FE21C540053457C /* Resources */ = {
			isa = PBXResourcesBuildPhase;
			buildActionMask = 2147483647;
			files = (
				98F8D8431FE21C540053457C /* LaunchScreen.storyboard in Resources */,
				98F8D8401FE21C540053457C /* Assets.xcassets in Resources */,
				98F8D83E1FE21C540053457C /* Main.storyboard in Resources */,
			);
			runOnlyForDeploymentPostprocessing = 0;
		};
		98F8D8491FE21C540053457C /* Resources */ = {
			isa = PBXResourcesBuildPhase;
			buildActionMask = 2147483647;
			files = (
			);
			runOnlyForDeploymentPostprocessing = 0;
		};
/* End PBXResourcesBuildPhase section */

/* Begin PBXSourcesBuildPhase section */
		98F8D82F1FE21C540053457C /* Sources */ = {
			isa = PBXSourcesBuildPhase;
			buildActionMask = 2147483647;
			files = (
				98F8D83B1FE21C540053457C /* ViewController.m in Sources */,
				98F8D8461FE21C540053457C /* main.m in Sources */,
				98F8D8381FE21C540053457C /* AppDelegate.m in Sources */,
				98F8D85F1FE22A2C0053457C /* TableViewModel.m in Sources */,
			);
			runOnlyForDeploymentPostprocessing = 0;
		};
		98F8D8471FE21C540053457C /* Sources */ = {
			isa = PBXSourcesBuildPhase;
			buildActionMask = 2147483647;
			files = (
				98F8D8501FE21C540053457C /* DnsTestTests.m in Sources */,
			);
			runOnlyForDeploymentPostprocessing = 0;
		};
/* End PBXSourcesBuildPhase section */

/* Begin PBXTargetDependency section */
		98F8D84D1FE21C540053457C /* PBXTargetDependency */ = {
			isa = PBXTargetDependency;
			target = 98F8D8321FE21C540053457C /* DnsTest */;
			targetProxy = 98F8D84C1FE21C540053457C /* PBXContainerItemProxy */;
		};
/* End PBXTargetDependency section */

/* Begin PBXVariantGroup section */
		98F8D83C1FE21C540053457C /* Main.storyboard */ = {
			isa = PBXVariantGroup;
			children = (
				98F8D83D1FE21C540053457C /* Base */,
			);
			name = Main.storyboard;
			sourceTree = "<group>";
		};
		98F8D8411FE21C540053457C /* LaunchScreen.storyboard */ = {
			isa = PBXVariantGroup;
			children = (
				98F8D8421FE21C540053457C /* Base */,
			);
			name = LaunchScreen.storyboard;
			sourceTree = "<group>";
		};
/* End PBXVariantGroup section */

/* Begin XCBuildConfiguration section */
		98F8D8521FE21C540053457C /* Debug */ = {
			isa = XCBuildConfiguration;
			buildSettings = {
				ALWAYS_SEARCH_USER_PATHS = NO;
				CLANG_ANALYZER_NONNULL = YES;
				CLANG_ANALYZER_NUMBER_OBJECT_CONVERSION = YES_AGGRESSIVE;
				CLANG_CXX_LANGUAGE_STANDARD = "gnu++14";
				CLANG_CXX_LIBRARY = "libc++";
				CLANG_ENABLE_MODULES = YES;
				CLANG_ENABLE_OBJC_ARC = YES;
				CLANG_WARN_BLOCK_CAPTURE_AUTORELEASING = YES;
				CLANG_WARN_BOOL_CONVERSION = YES;
				CLANG_WARN_COMMA = YES;
				CLANG_WARN_CONSTANT_CONVERSION = YES;
				CLANG_WARN_DIRECT_OBJC_ISA_USAGE = YES_ERROR;
				CLANG_WARN_DOCUMENTATION_COMMENTS = YES;
				CLANG_WARN_EMPTY_BODY = YES;
				CLANG_WARN_ENUM_CONVERSION = YES;
				CLANG_WARN_INFINITE_RECURSION = YES;
				CLANG_WARN_INT_CONVERSION = YES;
				CLANG_WARN_NON_LITERAL_NULL_CONVERSION = YES;
				CLANG_WARN_OBJC_LITERAL_CONVERSION = YES;
				CLANG_WARN_OBJC_ROOT_CLASS = YES_ERROR;
				CLANG_WARN_RANGE_LOOP_ANALYSIS = YES;
				CLANG_WARN_STRICT_PROTOTYPES = YES;
				CLANG_WARN_SUSPICIOUS_MOVE = YES;
				CLANG_WARN_UNGUARDED_AVAILABILITY = YES_AGGRESSIVE;
				CLANG_WARN_UNREACHABLE_CODE = YES;
				CLANG_WARN__DUPLICATE_METHOD_MATCH = YES;
				CODE_SIGN_IDENTITY = "iPhone Developer";
				COPY_PHASE_STRIP = NO;
				DEBUG_INFORMATION_FORMAT = dwarf;
				ENABLE_STRICT_OBJC_MSGSEND = YES;
				ENABLE_TESTABILITY = YES;
				GCC_C_LANGUAGE_STANDARD = gnu11;
				GCC_DYNAMIC_NO_PIC = NO;
				GCC_NO_COMMON_BLOCKS = YES;
				GCC_OPTIMIZATION_LEVEL = 0;
				GCC_PREPROCESSOR_DEFINITIONS = (
					"DEBUG=1",
					"$(inherited)",
				);
				GCC_WARN_64_TO_32_BIT_CONVERSION = YES;
				GCC_WARN_ABOUT_RETURN_TYPE = YES_ERROR;
				GCC_WARN_UNDECLARED_SELECTOR = YES;
				GCC_WARN_UNINITIALIZED_AUTOS = YES_AGGRESSIVE;
				GCC_WARN_UNUSED_FUNCTION = YES;
				GCC_WARN_UNUSED_VARIABLE = YES;
				IPHONEOS_DEPLOYMENT_TARGET = 11.2;
				MTL_ENABLE_DEBUG_INFO = YES;
				ONLY_ACTIVE_ARCH = YES;
				SDKROOT = iphoneos;
			};
			name = Debug;
		};
		98F8D8531FE21C540053457C /* Release */ = {
			isa = XCBuildConfiguration;
			buildSettings = {
				ALWAYS_SEARCH_USER_PATHS = NO;
				CLANG_ANALYZER_NONNULL = YES;
				CLANG_ANALYZER_NUMBER_OBJECT_CONVERSION = YES_AGGRESSIVE;
				CLANG_CXX_LANGUAGE_STANDARD = "gnu++14";
				CLANG_CXX_LIBRARY = "libc++";
				CLANG_ENABLE_MODULES = YES;
				CLANG_ENABLE_OBJC_ARC = YES;
				CLANG_WARN_BLOCK_CAPTURE_AUTORELEASING = YES;
				CLANG_WARN_BOOL_CONVERSION = YES;
				CLANG_WARN_COMMA = YES;
				CLANG_WARN_CONSTANT_CONVERSION = YES;
				CLANG_WARN_DIRECT_OBJC_ISA_USAGE = YES_ERROR;
				CLANG_WARN_DOCUMENTATION_COMMENTS = YES;
				CLANG_WARN_EMPTY_BODY = YES;
				CLANG_WARN_ENUM_CONVERSION = YES;
				CLANG_WARN_INFINITE_RECURSION = YES;
				CLANG_WARN_INT_CONVERSION = YES;
				CLANG_WARN_NON_LITERAL_NULL_CONVERSION = YES;
				CLANG_WARN_OBJC_LITERAL_CONVERSION = YES;
				CLANG_WARN_OBJC_ROOT_CLASS = YES_ERROR;
				CLANG_WARN_RANGE_LOOP_ANALYSIS = YES;
				CLANG_WARN_STRICT_PROTOTYPES = YES;
				CLANG_WARN_SUSPICIOUS_MOVE = YES;
				CLANG_WARN_UNGUARDED_AVAILABILITY = YES_AGGRESSIVE;
				CLANG_WARN_UNREACHABLE_CODE = YES;
				CLANG_WARN__DUPLICATE_METHOD_MATCH = YES;
				CODE_SIGN_IDENTITY = "iPhone Developer";
				COPY_PHASE_STRIP = NO;
				DEBUG_INFORMATION_FORMAT = "dwarf-with-dsym";
				ENABLE_NS_ASSERTIONS = NO;
				ENABLE_STRICT_OBJC_MSGSEND = YES;
				GCC_C_LANGUAGE_STANDARD = gnu11;
				GCC_NO_COMMON_BLOCKS = YES;
				GCC_WARN_64_TO_32_BIT_CONVERSION = YES;
				GCC_WARN_ABOUT_RETURN_TYPE = YES_ERROR;
				GCC_WARN_UNDECLARED_SELECTOR = YES;
				GCC_WARN_UNINITIALIZED_AUTOS = YES_AGGRESSIVE;
				GCC_WARN_UNUSED_FUNCTION = YES;
				GCC_WARN_UNUSED_VARIABLE = YES;
				IPHONEOS_DEPLOYMENT_TARGET = 11.2;
				MTL_ENABLE_DEBUG_INFO = NO;
				SDKROOT = iphoneos;
				VALIDATE_PRODUCT = YES;
			};
			name = Release;
		};
		98F8D8551FE21C540053457C /* Debug */ = {
			isa = XCBuildConfiguration;
			buildSettings = {
				ASSETCATALOG_COMPILER_APPICON_NAME = AppIcon;
				CODE_SIGN_STYLE = Manual;
				DEVELOPMENT_TEAM = MT2BRNBJYZ;
				INFOPLIST_FILE = DnsTest/Info.plist;
				IPHONEOS_DEPLOYMENT_TARGET = 8.0;
				LD_RUNPATH_SEARCH_PATHS = "$(inherited) @executable_path/Frameworks";
				PRODUCT_BUNDLE_IDENTIFIER = com.meitu.test;
				PRODUCT_NAME = "$(TARGET_NAME)";
				PROVISIONING_PROFILE = "76ca7f5a-6b18-41c5-b331-61c350a8600e";
				PROVISIONING_PROFILE_SPECIFIER = "match Development com.*";
				TARGETED_DEVICE_FAMILY = "1,2";
			};
			name = Debug;
		};
		98F8D8561FE21C540053457C /* Release */ = {
			isa = XCBuildConfiguration;
			buildSettings = {
				ASSETCATALOG_COMPILER_APPICON_NAME = AppIcon;
				CODE_SIGN_STYLE = Manual;
				DEVELOPMENT_TEAM = "";
				INFOPLIST_FILE = DnsTest/Info.plist;
				IPHONEOS_DEPLOYMENT_TARGET = 8.0;
				LD_RUNPATH_SEARCH_PATHS = "$(inherited) @executable_path/Frameworks";
				PRODUCT_BUNDLE_IDENTIFIER = com.meitu.test;
				PRODUCT_NAME = "$(TARGET_NAME)";
				PROVISIONING_PROFILE_SPECIFIER = "";
				TARGETED_DEVICE_FAMILY = "1,2";
			};
			name = Release;
		};
		98F8D8581FE21C540053457C /* Debug */ = {
			isa = XCBuildConfiguration;
			buildSettings = {
				BUNDLE_LOADER = "$(TEST_HOST)";
				CODE_SIGN_STYLE = Automatic;
				INFOPLIST_FILE = DnsTestTests/Info.plist;
				LD_RUNPATH_SEARCH_PATHS = "$(inherited) @executable_path/Frameworks @loader_path/Frameworks";
				PRODUCT_BUNDLE_IDENTIFIER = meitu.DnsTestTests;
				PRODUCT_NAME = "$(TARGET_NAME)";
				TARGETED_DEVICE_FAMILY = "1,2";
				TEST_HOST = "$(BUILT_PRODUCTS_DIR)/DnsTest.app/DnsTest";
			};
			name = Debug;
		};
		98F8D8591FE21C540053457C /* Release */ = {
			isa = XCBuildConfiguration;
			buildSettings = {
				BUNDLE_LOADER = "$(TEST_HOST)";
				CODE_SIGN_STYLE = Automatic;
				INFOPLIST_FILE = DnsTestTests/Info.plist;
				LD_RUNPATH_SEARCH_PATHS = "$(inherited) @executable_path/Frameworks @loader_path/Frameworks";
				PRODUCT_BUNDLE_IDENTIFIER = meitu.DnsTestTests;
				PRODUCT_NAME = "$(TARGET_NAME)";
				TARGETED_DEVICE_FAMILY = "1,2";
				TEST_HOST = "$(BUILT_PRODUCTS_DIR)/DnsTest.app/DnsTest";
			};
			name = Release;
		};
/* End XCBuildConfiguration section */

/* Begin XCConfigurationList section */
		98F8D82E1FE21C540053457C /* Build configuration list for PBXProject "DnsTest" */ = {
			isa = XCConfigurationList;
			buildConfigurations = (
				98F8D8521FE21C540053457C /* Debug */,
				98F8D8531FE21C540053457C /* Release */,
			);
			defaultConfigurationIsVisible = 0;
			defaultConfigurationName = Release;
		};
		98F8D8541FE21C540053457C /* Build configuration list for PBXNativeTarget "DnsTest" */ = {
			isa = XCConfigurationList;
			buildConfigurations = (
				98F8D8551FE21C540053457C /* Debug */,
				98F8D8561FE21C540053457C /* Release */,
			);
			defaultConfigurationIsVisible = 0;
			defaultConfigurationName = Release;
		};
		98F8D8571FE21C540053457C /* Build configuration list for PBXNativeTarget "DnsTestTests" */ = {
			isa = XCConfigurationList;
			buildConfigurations = (
				98F8D8581FE21C540053457C /* Debug */,
				98F8D8591FE21C540053457C /* Release */,
			);
			defaultConfigurationIsVisible = 0;
			defaultConfigurationName = Release;
		};
/* End XCConfigurationList section */
	};
	rootObject = 98F8D82B1FE21C540053457C /* Project object */;
}
